
Microsoft Visual Studio Solution File, Format Version 12.00
# Visual Studio Version 17
VisualStudioVersion = 17.4.33213.308
MinimumVisualStudioVersion = 10.0.40219.1
Project("{9A19103F-16F7-4668-BE54-9A1E7A4F7556}") = "AddressBook", "AddressBook.csproj", "{81200CD7-D6CD-495B-9379-74EFAA6178AA}"
EndProject
Project("{FAE04EC0-301F-11D3-BF4B-00C04F79EFBC}") = "AddressBook.Domain", "..\AddressBook.Domain\AddressBook.Domain.csproj", "{DE73A1EC-723D-4791-BFBE-61621DDB17A3}"
EndProject
Project("{FAE04EC0-301F-11D3-BF4B-00C04F79EFBC}") = "AddressBook.Infrastructure", "..\AddressBook.Infrastructure\AddressBook.Infrastructure.csproj", "{764FBB58-6F51-41C7-A751-4A2B17BB1A1B}"
EndProject
Project("{FAE04EC0-301F-11D3-BF4B-00C04F79EFBC}") = "AddressBook.DTO", "..\AddressBook.DTO\AddressBook.DTO.csproj", "{8320AFC4-F980-4614-B34A-FE27600B9D4F}"
EndProject
Project("{FAE04EC0-301F-11D3-BF4B-00C04F79EFBC}") = "AddressBook.Services", "..\AddressBook.Services\AddressBook.Services.csproj", "{9CBBBEDD-1E09-472C-9AD2-330C98242637}"
EndProject
Global
	GlobalSection(SolutionConfigurationPlatforms) = preSolution
		Debug|Any CPU = Debug|Any CPU
		Release|Any CPU = Release|Any CPU
	EndGlobalSection
	GlobalSection(ProjectConfigurationPlatforms) = postSolution
		{81200CD7-D6CD-495B-9379-74EFAA6178AA}.Debug|Any CPU.ActiveCfg = Debug|Any CPU
		{81200CD7-D6CD-495B-9379-74EFAA6178AA}.Debug|Any CPU.Build.0 = Debug|Any CPU
		{81200CD7-D6CD-495B-9379-74EFAA6178AA}.Release|Any CPU.ActiveCfg = Release|Any CPU
		{81200CD7-D6CD-495B-9379-74EFAA6178AA}.Release|Any CPU.Build.0 = Release|Any CPU
		{DE73A1EC-723D-4791-BFBE-61621DDB17A3}.Debug|Any CPU.ActiveCfg = Debug|Any CPU
		{DE73A1EC-723D-4791-BFBE-61621DDB17A3}.Debug|Any CPU.Build.0 = Debug|Any CPU
		{DE73A1EC-723D-4791-BFBE-61621DDB17A3}.Release|Any CPU.ActiveCfg = Release|Any CPU
		{DE73A1EC-723D-4791-BFBE-61621DDB17A3}.Release|Any CPU.Build.0 = Release|Any CPU
		{764FBB58-6F51-41C7-A751-4A2B17BB1A1B}.Debug|Any CPU.ActiveCfg = Debug|Any CPU
		{764FBB58-6F51-41C7-A751-4A2B17BB1A1B}.Debug|Any CPU.Build.0 = Debug|Any CPU
		{764FBB58-6F51-41C7-A751-4A2B17BB1A1B}.Release|Any CPU.ActiveCfg = Release|Any CPU
		{764FBB58-6F51-41C7-A751-4A2B17BB1A1B}.Release|Any CPU.Build.0 = Release|Any CPU
		{8320AFC4-F980-4614-B34A-FE27600B9D4F}.Debug|Any CPU.ActiveCfg = Debug|Any CPU
		{8320AFC4-F980-4614-B34A-FE27600B9D4F}.Debug|Any CPU.Build.0 = Debug|Any CPU
		{8320AFC4-F980-4614-B34A-FE27600B9D4F}.Release|Any CPU.ActiveCfg = Release|Any CPU
		{8320AFC4-F980-4614-B34A-FE27600B9D4F}.Release|Any CPU.Build.0 = Release|Any CPU
		{9CBBBEDD-1E09-472C-9AD2-330C98242637}.Debug|Any CPU.ActiveCfg = Debug|Any CPU
		{9CBBBEDD-1E09-472C-9AD2-330C98242637}.Debug|Any CPU.Build.0 = Debug|Any CPU
		{9CBBBEDD-1E09-472C-9AD2-330C98242637}.Release|Any CPU.ActiveCfg = Release|Any CPU
		{9CBBBEDD-1E09-472C-9AD2-330C98242637}.Release|Any CPU.Build.0 = Release|Any CPU
	EndGlobalSection
	GlobalSection(SolutionProperties) = preSolution
		HideSolutionNode = FALSE
	EndGlobalSection
	GlobalSection(ExtensibilityGlobals) = postSolution
		SolutionGuid = {9580810F-5569-4FE8-8E54-F3B2DE4310CB}
	EndGlobalSection
EndGlobal
